{
  "name": "ork-cardshq",
  "lockfileVersion": 3,
  "requires": true,
  "packages": {
    "": {
      "devDependencies": {
        "@orkans/prettier-config": "^2.0.0"
      }
    },
    "node_modules/@orkans/prettier-config": {
      "version": "2.0.0",
      "resolved": "https://registry.npmjs.org/@orkans/prettier-config/-/prettier-config-2.0.0.tgz",
      "integrity": "sha512-XPWsEfZIVSwqRELx+D6VcQQ9ernOrVf9eFVlgVltAn7Ogt0n9l6RR2bpvnRApL5RHYTnb/E40nbu2p1IAym2jQ==",
      "dev": true
    }
  }
}
